<?xml version="1.0" encoding="utf-8"?>
<Project ToolsVersion="4.0" xmlns="http://schemas.microsoft.com/developer/msbuild/2003">
  <ItemGroup>
    <Filter Include="Source">
      <UniqueIdentifier>{fc88a59a-e347-49b9-9aa4-2ea7e14f7b9a}</UniqueIdentifier>
    </Filter>
    <Filter Include="External">
      <UniqueIdentifier>{11a1d212-472b-4b5b-b243-f04c5e01b4e2}</UniqueIdentifier>
    </Filter>
    <Filter Include="External\ImGui">
      <UniqueIdentifier>{f619c6d5-55c4-47da-97c7-8cbe07145613}</UniqueIdentifier>
    </Filter>
    <Filter Include="Source\Core">
      <UniqueIdentifier>{2bc24fc8-f153-4899-ac30-10094b6a5cdb}</UniqueIdentifier>
    </Filter>
    <Filter Include="Source\App">
      <UniqueIdentifier>{e12333bb-b23d-452f-a9f0-f9ba944bbfc9}</UniqueIdentifier>
    </Filter>
    <Filter Include="Source\Tools">
      <UniqueIdentifier>{bb03da40-0aaf-4d03-ae2d-cbbd56f419f1}</UniqueIdentifier>
    </Filter>
    <Filter Include="Shaders">
      <UniqueIdentifier>{5e041577-494c-40cd-94de-591a8d282fd9}</UniqueIdentifier>
    </Filter>
  </ItemGroup>
  <ItemGroup>
    <ClCompile Include="Source\App\Main.cpp">
      <Filter>Source\App</Filter>
    </ClCompile>
    <ClCompile Include="Source\Core\pch.cpp">
      <Filter>Source\Core</Filter>
    </ClCompile>
    <ClCompile Include="Source\App\FluidSimApp.cpp">
      <Filter>Source\App</Filter>
    </ClCompile>
    <ClCompile Include="Source\Core\GraphicsCore.cpp">
      <Filter>Source\Core</Filter>
    </ClCompile>
    <ClCompile Include="Source\Core\Renderer.cpp">
      <Filter>Source\Core</Filter>
    </ClCompile>
    <ClCompile Include="Source\Core\SphSolver.cpp">
      <Filter>Source\Core</Filter>
    </ClCompile>
    <ClCompile Include="Source\Core\ShaderHelper.cpp">
      <Filter>Source\Core</Filter>
    </ClCompile>
  </ItemGroup>
  <ItemGroup>
    <ClInclude Include="Source\Core\pch.h">
      <Filter>Source\Core</Filter>
    </ClInclude>
    <ClInclude Include="Source\Core\Helpers.h">
      <Filter>Source\Core</Filter>
    </ClInclude>
    <ClInclude Include="Source\App\FluidSimApp.h">
      <Filter>Source\App</Filter>
    </ClInclude>
    <ClInclude Include="Source\Core\GameTimer.h">
      <Filter>Source\Core</Filter>
    </ClInclude>
    <ClInclude Include="Source\Core\d3dx12.h">
      <Filter>Source\Core</Filter>
    </ClInclude>
    <ClInclude Include="Source\Core\GraphicsCore.h">
      <Filter>Source\Core</Filter>
    </ClInclude>
    <ClInclude Include="Source\Core\Renderer.h">
      <Filter>Source\Core</Filter>
    </ClInclude>
    <ClInclude Include="Source\Core\SphSolver.h">
      <Filter>Source\Core</Filter>
    </ClInclude>
    <ClInclude Include="Source\Core\Vertex.h">
      <Filter>Source\Core</Filter>
    </ClInclude>
    <ClInclude Include="Source\Core\ShaderHelper.h">
      <Filter>Source\Core</Filter>
    </ClInclude>
  </ItemGroup>
  <ItemGroup>
    <FxCompile Include="Shaders\ParticleVS.hlsl">
      <Filter>Shaders</Filter>
    </FxCompile>
    <FxCompile Include="Shaders\ParticlePS.hlsl">
      <Filter>Shaders</Filter>
    </FxCompile>
    <FxCompile Include="Shaders\IntegrationCS.hlsl">
      <Filter>Shaders</Filter>
    </FxCompile>
  </ItemGroup>
  <ItemGroup>
    <None Include="packages.config" />
  </ItemGroup>
</Project>